
Microsoft Visual Studio Solution File, Format Version 12.00
# Visual Studio Version 17
VisualStudioVersion = 17.8.34408.163
MinimumVisualStudioVersion = 10.0.40219.1
Project("{8BC9CEB8-8B4A-11D0-8D11-00A0C91BC942}") = "Introdution to OOP", "Introdution to  OOP\Introdution to  OOP.vcxproj", "{47824D3F-1064-4BB9-AFF8-724A0D92D481}"
EndProject
Project("{8BC9CEB8-8B4A-11D0-8D11-00A0C91BC942}") = "Fraction", "Fraction\Fraction.vcxproj", "{A5C1CC69-316E-4EA1-A88A-D2193AC8A1ED}"
EndProject
Project("{8BC9CEB8-8B4A-11D0-8D11-00A0C91BC942}") = "Fraction_SPU411", "Fraction_SPU411\Fraction_SPU411.vcxproj", "{1D9B37F3-0D1F-492C-B930-4A2A84C17772}"
EndProject
Project("{8BC9CEB8-8B4A-11D0-8D11-00A0C91BC942}") = "String", "String\String.vcxproj", "{055D745A-ACBB-43DE-AEEE-776050AC42AE}"
EndProject
Project("{8BC9CEB8-8B4A-11D0-8D11-00A0C91BC942}") = "String_SPU411", "String_SPU411\String_SPU411.vcxproj", "{E922BD5E-2119-45DE-9D98-94F677FBEB77}"
EndProject
Project("{8BC9CEB8-8B4A-11D0-8D11-00A0C91BC942}") = "Matrix", "Matrix\Matrix.vcxproj", "{EA9D9412-C56A-41C4-A881-8E289D375BE5}"
EndProject
Project("{8BC9CEB8-8B4A-11D0-8D11-00A0C91BC942}") = "StringCheck", "StringCheck\StringCheck.vcxproj", "{FFA384F0-343F-4706-95DB-82E27DB6D257}"
EndProject
Project("{8BC9CEB8-8B4A-11D0-8D11-00A0C91BC942}") = "MatrixLIBCheck", "MatrixLIBCheck\MatrixLIBCheck.vcxproj", "{2F87E319-45D7-42FD-A477-F17F40DFB147}"
EndProject
Global
	GlobalSection(SolutionConfigurationPlatforms) = preSolution
		Debug|x64 = Debug|x64
		Debug|x86 = Debug|x86
		Release|x64 = Release|x64
		Release|x86 = Release|x86
	EndGlobalSection
	GlobalSection(ProjectConfigurationPlatforms) = postSolution
		{47824D3F-1064-4BB9-AFF8-724A0D92D481}.Debug|x64.ActiveCfg = Debug|x64
		{47824D3F-1064-4BB9-AFF8-724A0D92D481}.Debug|x64.Build.0 = Debug|x64
		{47824D3F-1064-4BB9-AFF8-724A0D92D481}.Debug|x86.ActiveCfg = Debug|Win32
		{47824D3F-1064-4BB9-AFF8-724A0D92D481}.Debug|x86.Build.0 = Debug|Win32
		{47824D3F-1064-4BB9-AFF8-724A0D92D481}.Release|x64.ActiveCfg = Release|x64
		{47824D3F-1064-4BB9-AFF8-724A0D92D481}.Release|x64.Build.0 = Release|x64
		{47824D3F-1064-4BB9-AFF8-724A0D92D481}.Release|x86.ActiveCfg = Release|Win32
		{47824D3F-1064-4BB9-AFF8-724A0D92D481}.Release|x86.Build.0 = Release|Win32
		{A5C1CC69-316E-4EA1-A88A-D2193AC8A1ED}.Debug|x64.ActiveCfg = Debug|x64
		{A5C1CC69-316E-4EA1-A88A-D2193AC8A1ED}.Debug|x64.Build.0 = Debug|x64
		{A5C1CC69-316E-4EA1-A88A-D2193AC8A1ED}.Debug|x86.ActiveCfg = Debug|Win32
		{A5C1CC69-316E-4EA1-A88A-D2193AC8A1ED}.Debug|x86.Build.0 = Debug|Win32
		{A5C1CC69-316E-4EA1-A88A-D2193AC8A1ED}.Release|x64.ActiveCfg = Release|x64
		{A5C1CC69-316E-4EA1-A88A-D2193AC8A1ED}.Release|x64.Build.0 = Release|x64
		{A5C1CC69-316E-4EA1-A88A-D2193AC8A1ED}.Release|x86.ActiveCfg = Release|Win32
		{A5C1CC69-316E-4EA1-A88A-D2193AC8A1ED}.Release|x86.Build.0 = Release|Win32
		{1D9B37F3-0D1F-492C-B930-4A2A84C17772}.Debug|x64.ActiveCfg = Debug|x64
		{1D9B37F3-0D1F-492C-B930-4A2A84C17772}.Debug|x64.Build.0 = Debug|x64
		{1D9B37F3-0D1F-492C-B930-4A2A84C17772}.Debug|x86.ActiveCfg = Debug|Win32
		{1D9B37F3-0D1F-492C-B930-4A2A84C17772}.Debug|x86.Build.0 = Debug|Win32
		{1D9B37F3-0D1F-492C-B930-4A2A84C17772}.Release|x64.ActiveCfg = Release|x64
		{1D9B37F3-0D1F-492C-B930-4A2A84C17772}.Release|x64.Build.0 = Release|x64
		{1D9B37F3-0D1F-492C-B930-4A2A84C17772}.Release|x86.ActiveCfg = Release|Win32
		{1D9B37F3-0D1F-492C-B930-4A2A84C17772}.Release|x86.Build.0 = Release|Win32
		{055D745A-ACBB-43DE-AEEE-776050AC42AE}.Debug|x64.ActiveCfg = Debug|x64
		{055D745A-ACBB-43DE-AEEE-776050AC42AE}.Debug|x64.Build.0 = Debug|x64
		{055D745A-ACBB-43DE-AEEE-776050AC42AE}.Debug|x86.ActiveCfg = Debug|Win32
		{055D745A-ACBB-43DE-AEEE-776050AC42AE}.Debug|x86.Build.0 = Debug|Win32
		{055D745A-ACBB-43DE-AEEE-776050AC42AE}.Release|x64.ActiveCfg = Release|x64
		{055D745A-ACBB-43DE-AEEE-776050AC42AE}.Release|x64.Build.0 = Release|x64
		{055D745A-ACBB-43DE-AEEE-776050AC42AE}.Release|x86.ActiveCfg = Release|Win32
		{055D745A-ACBB-43DE-AEEE-776050AC42AE}.Release|x86.Build.0 = Release|Win32
		{E922BD5E-2119-45DE-9D98-94F677FBEB77}.Debug|x64.ActiveCfg = Debug|x64
		{E922BD5E-2119-45DE-9D98-94F677FBEB77}.Debug|x64.Build.0 = Debug|x64
		{E922BD5E-2119-45DE-9D98-94F677FBEB77}.Debug|x86.ActiveCfg = Debug|Win32
		{E922BD5E-2119-45DE-9D98-94F677FBEB77}.Debug|x86.Build.0 = Debug|Win32
		{E922BD5E-2119-45DE-9D98-94F677FBEB77}.Release|x64.ActiveCfg = Release|x64
		{E922BD5E-2119-45DE-9D98-94F677FBEB77}.Release|x64.Build.0 = Release|x64
		{E922BD5E-2119-45DE-9D98-94F677FBEB77}.Release|x86.ActiveCfg = Release|Win32
		{E922BD5E-2119-45DE-9D98-94F677FBEB77}.Release|x86.Build.0 = Release|Win32
		{EA9D9412-C56A-41C4-A881-8E289D375BE5}.Debug|x64.ActiveCfg = Debug|x64
		{EA9D9412-C56A-41C4-A881-8E289D375BE5}.Debug|x64.Build.0 = Debug|x64
		{EA9D9412-C56A-41C4-A881-8E289D375BE5}.Debug|x86.ActiveCfg = Debug|Win32
		{EA9D9412-C56A-41C4-A881-8E289D375BE5}.Debug|x86.Build.0 = Debug|Win32
		{EA9D9412-C56A-41C4-A881-8E289D375BE5}.Release|x64.ActiveCfg = Release|x64
		{EA9D9412-C56A-41C4-A881-8E289D375BE5}.Release|x64.Build.0 = Release|x64
		{EA9D9412-C56A-41C4-A881-8E289D375BE5}.Release|x86.ActiveCfg = Release|Win32
		{EA9D9412-C56A-41C4-A881-8E289D375BE5}.Release|x86.Build.0 = Release|Win32
		{FFA384F0-343F-4706-95DB-82E27DB6D257}.Debug|x64.ActiveCfg = Debug|x64
		{FFA384F0-343F-4706-95DB-82E27DB6D257}.Debug|x64.Build.0 = Debug|x64
		{FFA384F0-343F-4706-95DB-82E27DB6D257}.Debug|x86.ActiveCfg = Debug|Win32
		{FFA384F0-343F-4706-95DB-82E27DB6D257}.Debug|x86.Build.0 = Debug|Win32
		{FFA384F0-343F-4706-95DB-82E27DB6D257}.Release|x64.ActiveCfg = Release|x64
		{FFA384F0-343F-4706-95DB-82E27DB6D257}.Release|x64.Build.0 = Release|x64
		{FFA384F0-343F-4706-95DB-82E27DB6D257}.Release|x86.ActiveCfg = Release|Win32
		{FFA384F0-343F-4706-95DB-82E27DB6D257}.Release|x86.Build.0 = Release|Win32
		{2F87E319-45D7-42FD-A477-F17F40DFB147}.Debug|x64.ActiveCfg = Debug|x64
		{2F87E319-45D7-42FD-A477-F17F40DFB147}.Debug|x64.Build.0 = Debug|x64
		{2F87E319-45D7-42FD-A477-F17F40DFB147}.Debug|x86.ActiveCfg = Debug|Win32
		{2F87E319-45D7-42FD-A477-F17F40DFB147}.Debug|x86.Build.0 = Debug|Win32
		{2F87E319-45D7-42FD-A477-F17F40DFB147}.Release|x64.ActiveCfg = Release|x64
		{2F87E319-45D7-42FD-A477-F17F40DFB147}.Release|x64.Build.0 = Release|x64
		{2F87E319-45D7-42FD-A477-F17F40DFB147}.Release|x86.ActiveCfg = Release|Win32
		{2F87E319-45D7-42FD-A477-F17F40DFB147}.Release|x86.Build.0 = Release|Win32
	EndGlobalSection
	GlobalSection(SolutionProperties) = preSolution
		HideSolutionNode = FALSE
	EndGlobalSection
	GlobalSection(ExtensibilityGlobals) = postSolution
		SolutionGuid = {431A8C46-0540-4E2E-B089-42C37F994D3B}
	EndGlobalSection
EndGlobal
