
Microsoft Visual Studio Solution File, Format Version 12.00
# Visual Studio Version 17
VisualStudioVersion = 17.8.34408.163
MinimumVisualStudioVersion = 10.0.40219.1
Project("{8BC9CEB8-8B4A-11D0-8D11-00A0C91BC942}") = "Introdution to OOP", "Introdution to  OOP\Introdution to  OOP.vcxproj", "{47824D3F-1064-4BB9-AFF8-724A0D92D481}"
EndProject
Project("{8BC9CEB8-8B4A-11D0-8D11-00A0C91BC942}") = "Fraction", "Fraction\Fraction.vcxproj", "{A5C1CC69-316E-4EA1-A88A-D2193AC8A1ED}"
EndProject
Global
	GlobalSection(SolutionConfigurationPlatforms) = preSolution
		Debug|x64 = Debug|x64
		Debug|x86 = Debug|x86
		Release|x64 = Release|x64
		Release|x86 = Release|x86
	EndGlobalSection
	GlobalSection(ProjectConfigurationPlatforms) = postSolution
		{47824D3F-1064-4BB9-AFF8-724A0D92D481}.Debug|x64.ActiveCfg = Debug|x64
		{47824D3F-1064-4BB9-AFF8-724A0D92D481}.Debug|x64.Build.0 = Debug|x64
		{47824D3F-1064-4BB9-AFF8-724A0D92D481}.Debug|x86.ActiveCfg = Debug|Win32
		{47824D3F-1064-4BB9-AFF8-724A0D92D481}.Debug|x86.Build.0 = Debug|Win32
		{47824D3F-1064-4BB9-AFF8-724A0D92D481}.Release|x64.ActiveCfg = Release|x64
		{47824D3F-1064-4BB9-AFF8-724A0D92D481}.Release|x64.Build.0 = Release|x64
		{47824D3F-1064-4BB9-AFF8-724A0D92D481}.Release|x86.ActiveCfg = Release|Win32
		{47824D3F-1064-4BB9-AFF8-724A0D92D481}.Release|x86.Build.0 = Release|Win32
		{A5C1CC69-316E-4EA1-A88A-D2193AC8A1ED}.Debug|x64.ActiveCfg = Debug|x64
		{A5C1CC69-316E-4EA1-A88A-D2193AC8A1ED}.Debug|x64.Build.0 = Debug|x64
		{A5C1CC69-316E-4EA1-A88A-D2193AC8A1ED}.Debug|x86.ActiveCfg = Debug|Win32
		{A5C1CC69-316E-4EA1-A88A-D2193AC8A1ED}.Debug|x86.Build.0 = Debug|Win32
		{A5C1CC69-316E-4EA1-A88A-D2193AC8A1ED}.Release|x64.ActiveCfg = Release|x64
		{A5C1CC69-316E-4EA1-A88A-D2193AC8A1ED}.Release|x64.Build.0 = Release|x64
		{A5C1CC69-316E-4EA1-A88A-D2193AC8A1ED}.Release|x86.ActiveCfg = Release|Win32
		{A5C1CC69-316E-4EA1-A88A-D2193AC8A1ED}.Release|x86.Build.0 = Release|Win32
	EndGlobalSection
	GlobalSection(SolutionProperties) = preSolution
		HideSolutionNode = FALSE
	EndGlobalSection
	GlobalSection(ExtensibilityGlobals) = postSolution
		SolutionGuid = {431A8C46-0540-4E2E-B089-42C37F994D3B}
	EndGlobalSection
EndGlobal
